
Microsoft Visual Studio Solution File, Format Version 12.00
# Visual Studio Version 17
VisualStudioVersion = 17.9.34607.119
MinimumVisualStudioVersion = 10.0.40219.1
Project("{FAE04EC0-301F-11D3-BF4B-00C04F79EFBC}") = "CarboLifeCalc", "CarboLifeCalc\CarboLifeCalc.csproj", "{DF8B1C1A-DEEF-4A4D-B7C1-427968FE1C49}"
	ProjectSection(ProjectDependencies) = postProject
		{0C0DD1E5-1E52-48F4-9877-6615B2133931} = {0C0DD1E5-1E52-48F4-9877-6615B2133931}
		{0C38F4ED-1D83-4FFE-AD65-B884410AF824} = {0C38F4ED-1D83-4FFE-AD65-B884410AF824}
		{5061150C-607F-49C0-A837-9AAFB3817667} = {5061150C-607F-49C0-A837-9AAFB3817667}
	EndProjectSection
EndProject
Project("{FAE04EC0-301F-11D3-BF4B-00C04F79EFBC}") = "CarboLifeUI", "CarboLifeUI\CarboLifeUI.csproj", "{0C0DD1E5-1E52-48F4-9877-6615B2133931}"
EndProject
Project("{FAE04EC0-301F-11D3-BF4B-00C04F79EFBC}") = "CarboLifeAPI", "CarboLifeAPI\CarboLifeAPI.csproj", "{0C38F4ED-1D83-4FFE-AD65-B884410AF824}"
EndProject
Project("{FAE04EC0-301F-11D3-BF4B-00C04F79EFBC}") = "CarboLifeRevit", "CarboLifeRevit\CarboLifeRevit.csproj", "{7538BFFC-7E84-48AA-845D-250FB8B475C6}"
EndProject
Project("{2150E333-8FDC-42A3-9474-1A3956D46DE8}") = "Solution Items", "Solution Items", "{9494B6DF-0677-43EF-BF93-780421B38954}"
	ProjectSection(SolutionItems) = preProject
		LICENCE.txt = LICENCE.txt
	EndProjectSection
EndProject
Project("{FAE04EC0-301F-11D3-BF4B-00C04F79EFBC}") = "CarboCroc", "CarboCroc\CarboCroc.csproj", "{E72AD7FC-8E68-4BE9-966B-B174A4E0B7DF}"
EndProject
Project("{FAE04EC0-301F-11D3-BF4B-00C04F79EFBC}") = "CarboCircle", "CarboCircle\CarboCircle.csproj", "{5061150C-607F-49C0-A837-9AAFB3817667}"
	ProjectSection(ProjectDependencies) = postProject
		{0C0DD1E5-1E52-48F4-9877-6615B2133931} = {0C0DD1E5-1E52-48F4-9877-6615B2133931}
		{0C38F4ED-1D83-4FFE-AD65-B884410AF824} = {0C38F4ED-1D83-4FFE-AD65-B884410AF824}
	EndProjectSection
EndProject
Global
	GlobalSection(SolutionConfigurationPlatforms) = preSolution
		Debug|Any CPU = Debug|Any CPU
		Debug|Default = Debug|Default
		Debug|x64 = Debug|x64
		Release|Any CPU = Release|Any CPU
		Release|Default = Release|Default
		Release|x64 = Release|x64
	EndGlobalSection
	GlobalSection(ProjectConfigurationPlatforms) = postSolution
		{DF8B1C1A-DEEF-4A4D-B7C1-427968FE1C49}.Debug|Any CPU.ActiveCfg = Debug|Any CPU
		{DF8B1C1A-DEEF-4A4D-B7C1-427968FE1C49}.Debug|Any CPU.Build.0 = Debug|Any CPU
		{DF8B1C1A-DEEF-4A4D-B7C1-427968FE1C49}.Debug|Default.ActiveCfg = Debug|Any CPU
		{DF8B1C1A-DEEF-4A4D-B7C1-427968FE1C49}.Debug|Default.Build.0 = Debug|Any CPU
		{DF8B1C1A-DEEF-4A4D-B7C1-427968FE1C49}.Debug|x64.ActiveCfg = Debug|x64
		{DF8B1C1A-DEEF-4A4D-B7C1-427968FE1C49}.Debug|x64.Build.0 = Debug|x64
		{DF8B1C1A-DEEF-4A4D-B7C1-427968FE1C49}.Release|Any CPU.ActiveCfg = Release|Any CPU
		{DF8B1C1A-DEEF-4A4D-B7C1-427968FE1C49}.Release|Any CPU.Build.0 = Release|Any CPU
		{DF8B1C1A-DEEF-4A4D-B7C1-427968FE1C49}.Release|Default.ActiveCfg = Release|Any CPU
		{DF8B1C1A-DEEF-4A4D-B7C1-427968FE1C49}.Release|Default.Build.0 = Release|Any CPU
		{DF8B1C1A-DEEF-4A4D-B7C1-427968FE1C49}.Release|x64.ActiveCfg = Release|x64
		{DF8B1C1A-DEEF-4A4D-B7C1-427968FE1C49}.Release|x64.Build.0 = Release|x64
		{0C0DD1E5-1E52-48F4-9877-6615B2133931}.Debug|Any CPU.ActiveCfg = Debug|Any CPU
		{0C0DD1E5-1E52-48F4-9877-6615B2133931}.Debug|Any CPU.Build.0 = Debug|Any CPU
		{0C0DD1E5-1E52-48F4-9877-6615B2133931}.Debug|Default.ActiveCfg = Debug|Any CPU
		{0C0DD1E5-1E52-48F4-9877-6615B2133931}.Debug|Default.Build.0 = Debug|Any CPU
		{0C0DD1E5-1E52-48F4-9877-6615B2133931}.Debug|x64.ActiveCfg = Debug|x64
		{0C0DD1E5-1E52-48F4-9877-6615B2133931}.Debug|x64.Build.0 = Debug|x64
		{0C0DD1E5-1E52-48F4-9877-6615B2133931}.Release|Any CPU.ActiveCfg = Release|Any CPU
		{0C0DD1E5-1E52-48F4-9877-6615B2133931}.Release|Any CPU.Build.0 = Release|Any CPU
		{0C0DD1E5-1E52-48F4-9877-6615B2133931}.Release|Default.ActiveCfg = Release|Any CPU
		{0C0DD1E5-1E52-48F4-9877-6615B2133931}.Release|Default.Build.0 = Release|Any CPU
		{0C0DD1E5-1E52-48F4-9877-6615B2133931}.Release|x64.ActiveCfg = Release|x64
		{0C0DD1E5-1E52-48F4-9877-6615B2133931}.Release|x64.Build.0 = Release|x64
		{0C38F4ED-1D83-4FFE-AD65-B884410AF824}.Debug|Any CPU.ActiveCfg = Debug|Any CPU
		{0C38F4ED-1D83-4FFE-AD65-B884410AF824}.Debug|Any CPU.Build.0 = Debug|Any CPU
		{0C38F4ED-1D83-4FFE-AD65-B884410AF824}.Debug|Default.ActiveCfg = Debug|Any CPU
		{0C38F4ED-1D83-4FFE-AD65-B884410AF824}.Debug|Default.Build.0 = Debug|Any CPU
		{0C38F4ED-1D83-4FFE-AD65-B884410AF824}.Debug|x64.ActiveCfg = Debug|x64
		{0C38F4ED-1D83-4FFE-AD65-B884410AF824}.Debug|x64.Build.0 = Debug|x64
		{0C38F4ED-1D83-4FFE-AD65-B884410AF824}.Release|Any CPU.ActiveCfg = Release|Any CPU
		{0C38F4ED-1D83-4FFE-AD65-B884410AF824}.Release|Any CPU.Build.0 = Release|Any CPU
		{0C38F4ED-1D83-4FFE-AD65-B884410AF824}.Release|Default.ActiveCfg = Release|Any CPU
		{0C38F4ED-1D83-4FFE-AD65-B884410AF824}.Release|Default.Build.0 = Release|Any CPU
		{0C38F4ED-1D83-4FFE-AD65-B884410AF824}.Release|x64.ActiveCfg = Release|x64
		{0C38F4ED-1D83-4FFE-AD65-B884410AF824}.Release|x64.Build.0 = Release|x64
		{7538BFFC-7E84-48AA-845D-250FB8B475C6}.Debug|Any CPU.ActiveCfg = Debug|Any CPU
		{7538BFFC-7E84-48AA-845D-250FB8B475C6}.Debug|Any CPU.Build.0 = Debug|Any CPU
		{7538BFFC-7E84-48AA-845D-250FB8B475C6}.Debug|Default.ActiveCfg = Debug|Any CPU
		{7538BFFC-7E84-48AA-845D-250FB8B475C6}.Debug|Default.Build.0 = Debug|Any CPU
		{7538BFFC-7E84-48AA-845D-250FB8B475C6}.Debug|x64.ActiveCfg = Debug|x64
		{7538BFFC-7E84-48AA-845D-250FB8B475C6}.Debug|x64.Build.0 = Debug|x64
		{7538BFFC-7E84-48AA-845D-250FB8B475C6}.Release|Any CPU.ActiveCfg = Release|Any CPU
		{7538BFFC-7E84-48AA-845D-250FB8B475C6}.Release|Any CPU.Build.0 = Release|Any CPU
		{7538BFFC-7E84-48AA-845D-250FB8B475C6}.Release|Default.ActiveCfg = Release|Any CPU
		{7538BFFC-7E84-48AA-845D-250FB8B475C6}.Release|Default.Build.0 = Release|Any CPU
		{7538BFFC-7E84-48AA-845D-250FB8B475C6}.Release|x64.ActiveCfg = Release|x64
		{7538BFFC-7E84-48AA-845D-250FB8B475C6}.Release|x64.Build.0 = Release|x64
		{E72AD7FC-8E68-4BE9-966B-B174A4E0B7DF}.Debug|Any CPU.ActiveCfg = Debug|Any CPU
		{E72AD7FC-8E68-4BE9-966B-B174A4E0B7DF}.Debug|Any CPU.Build.0 = Debug|Any CPU
		{E72AD7FC-8E68-4BE9-966B-B174A4E0B7DF}.Debug|Default.ActiveCfg = Debug|Any CPU
		{E72AD7FC-8E68-4BE9-966B-B174A4E0B7DF}.Debug|Default.Build.0 = Debug|Any CPU
		{E72AD7FC-8E68-4BE9-966B-B174A4E0B7DF}.Debug|x64.ActiveCfg = Debug|Any CPU
		{E72AD7FC-8E68-4BE9-966B-B174A4E0B7DF}.Debug|x64.Build.0 = Debug|Any CPU
		{E72AD7FC-8E68-4BE9-966B-B174A4E0B7DF}.Release|Any CPU.ActiveCfg = Release|Any CPU
		{E72AD7FC-8E68-4BE9-966B-B174A4E0B7DF}.Release|Any CPU.Build.0 = Release|Any CPU
		{E72AD7FC-8E68-4BE9-966B-B174A4E0B7DF}.Release|Default.ActiveCfg = Release|Any CPU
		{E72AD7FC-8E68-4BE9-966B-B174A4E0B7DF}.Release|Default.Build.0 = Release|Any CPU
		{E72AD7FC-8E68-4BE9-966B-B174A4E0B7DF}.Release|x64.ActiveCfg = Release|Any CPU
		{E72AD7FC-8E68-4BE9-966B-B174A4E0B7DF}.Release|x64.Build.0 = Release|Any CPU
		{5061150C-607F-49C0-A837-9AAFB3817667}.Debug|Any CPU.ActiveCfg = Debug|Any CPU
		{5061150C-607F-49C0-A837-9AAFB3817667}.Debug|Any CPU.Build.0 = Debug|Any CPU
		{5061150C-607F-49C0-A837-9AAFB3817667}.Debug|Default.ActiveCfg = Debug|Any CPU
		{5061150C-607F-49C0-A837-9AAFB3817667}.Debug|Default.Build.0 = Debug|Any CPU
		{5061150C-607F-49C0-A837-9AAFB3817667}.Debug|x64.ActiveCfg = Debug|Any CPU
		{5061150C-607F-49C0-A837-9AAFB3817667}.Debug|x64.Build.0 = Debug|Any CPU
		{5061150C-607F-49C0-A837-9AAFB3817667}.Release|Any CPU.ActiveCfg = Release|Any CPU
		{5061150C-607F-49C0-A837-9AAFB3817667}.Release|Any CPU.Build.0 = Release|Any CPU
		{5061150C-607F-49C0-A837-9AAFB3817667}.Release|Default.ActiveCfg = Release|Any CPU
		{5061150C-607F-49C0-A837-9AAFB3817667}.Release|Default.Build.0 = Release|Any CPU
		{5061150C-607F-49C0-A837-9AAFB3817667}.Release|x64.ActiveCfg = Release|Any CPU
		{5061150C-607F-49C0-A837-9AAFB3817667}.Release|x64.Build.0 = Release|Any CPU
	EndGlobalSection
	GlobalSection(SolutionProperties) = preSolution
		HideSolutionNode = FALSE
	EndGlobalSection
	GlobalSection(ExtensibilityGlobals) = postSolution
		SolutionGuid = {E0F232E6-1D3A-474E-B85C-D30658741AA4}
	EndGlobalSection
	GlobalSection(SolutionConfigurationPlatforms) = preSolution
		Debug|Any CPU = Debug|Any CPU
		Debug|Default = Debug|Default
		Debug|x64 = Debug|x64
		Release|Any CPU = Release|Any CPU
		Release|Default = Release|Default
		Release|x64 = Release|x64
	EndGlobalSection
	GlobalSection(SolutionConfigurationPlatforms) = preSolution
		Debug|Any CPU = Debug|Any CPU
		Debug|Default = Debug|Default
		Debug|x64 = Debug|x64
		Release|Any CPU = Release|Any CPU
		Release|Default = Release|Default
		Release|x64 = Release|x64
	EndGlobalSection
	GlobalSection(SolutionConfigurationPlatforms) = preSolution
		Debug|Any CPU = Debug|Any CPU
		Debug|Default = Debug|Default
		Debug|x64 = Debug|x64
		Release|Any CPU = Release|Any CPU
		Release|Default = Release|Default
		Release|x64 = Release|x64
	EndGlobalSection
EndGlobal
